
Microsoft Visual Studio Solution File, Format Version 12.00
# Visual Studio Version 16
VisualStudioVersion = 16.0.31105.61
MinimumVisualStudioVersion = 10.0.40219.1
Project("{9A19103F-16F7-4668-BE54-9A1E7A4F7556}") = "Tabletop.Server", "Tabletop.Server\Tabletop.Server.csproj", "{08A49A38-E9D8-4C3A-8D38-C9AF82960986}"
EndProject
Project("{9A19103F-16F7-4668-BE54-9A1E7A4F7556}") = "Tabletop.Client", "Tabletop.Client\Tabletop.Client.csproj", "{3A95A932-61EA-492E-B8C8-75055FD43310}"
EndProject
Project("{9A19103F-16F7-4668-BE54-9A1E7A4F7556}") = "Tabletop.Core", "Tabletop.Core\Tabletop.Core.csproj", "{A0D6227F-3109-462C-9F98-951966D3AD41}"
EndProject
Project("{FAE04EC0-301F-11D3-BF4B-00C04F79EFBC}") = "Tabletop.Tests", "Tabletop.Tests\Tabletop.Tests.csproj", "{B89E35E1-4F00-4AFB-A18B-98B9C83C5E65}"
EndProject
Global
	GlobalSection(SolutionConfigurationPlatforms) = preSolution
		Debug|Any CPU = Debug|Any CPU
		Release|Any CPU = Release|Any CPU
	EndGlobalSection
	GlobalSection(ProjectConfigurationPlatforms) = postSolution
		{08A49A38-E9D8-4C3A-8D38-C9AF82960986}.Debug|Any CPU.ActiveCfg = Debug|Any CPU
		{08A49A38-E9D8-4C3A-8D38-C9AF82960986}.Debug|Any CPU.Build.0 = Debug|Any CPU
		{08A49A38-E9D8-4C3A-8D38-C9AF82960986}.Release|Any CPU.ActiveCfg = Release|Any CPU
		{08A49A38-E9D8-4C3A-8D38-C9AF82960986}.Release|Any CPU.Build.0 = Release|Any CPU
		{3A95A932-61EA-492E-B8C8-75055FD43310}.Debug|Any CPU.ActiveCfg = Debug|Any CPU
		{3A95A932-61EA-492E-B8C8-75055FD43310}.Debug|Any CPU.Build.0 = Debug|Any CPU
		{3A95A932-61EA-492E-B8C8-75055FD43310}.Release|Any CPU.ActiveCfg = Release|Any CPU
		{3A95A932-61EA-492E-B8C8-75055FD43310}.Release|Any CPU.Build.0 = Release|Any CPU
		{A0D6227F-3109-462C-9F98-951966D3AD41}.Debug|Any CPU.ActiveCfg = Debug|Any CPU
		{A0D6227F-3109-462C-9F98-951966D3AD41}.Debug|Any CPU.Build.0 = Debug|Any CPU
		{A0D6227F-3109-462C-9F98-951966D3AD41}.Release|Any CPU.ActiveCfg = Release|Any CPU
		{A0D6227F-3109-462C-9F98-951966D3AD41}.Release|Any CPU.Build.0 = Release|Any CPU
		{B89E35E1-4F00-4AFB-A18B-98B9C83C5E65}.Debug|Any CPU.ActiveCfg = Debug|Any CPU
		{B89E35E1-4F00-4AFB-A18B-98B9C83C5E65}.Debug|Any CPU.Build.0 = Debug|Any CPU
		{B89E35E1-4F00-4AFB-A18B-98B9C83C5E65}.Release|Any CPU.ActiveCfg = Release|Any CPU
		{B89E35E1-4F00-4AFB-A18B-98B9C83C5E65}.Release|Any CPU.Build.0 = Release|Any CPU
	EndGlobalSection
	GlobalSection(SolutionProperties) = preSolution
		HideSolutionNode = FALSE
	EndGlobalSection
	GlobalSection(ExtensibilityGlobals) = postSolution
		SolutionGuid = {BB862A7B-83F2-42C5-9D26-DA36F7856EEB}
	EndGlobalSection
EndGlobal
